
Microsoft Visual Studio Solution File, Format Version 12.00
# Visual Studio Version 16
VisualStudioVersion = 16.0.30517.126
MinimumVisualStudioVersion = 10.0.40219.1
Project("{FAE04EC0-301F-11D3-BF4B-00C04F79EFBC}") = "currenc_converter", "currenc_converter.csproj", "{FF1B600E-D47C-4930-8186-DEA0B3C786E7}"
EndProject
Global
	GlobalSection(SolutionConfigurationPlatforms) = preSolution
		Debug|Any CPU = Debug|Any CPU
		Release|Any CPU = Release|Any CPU
	EndGlobalSection
	GlobalSection(ProjectConfigurationPlatforms) = postSolution
		{FF1B600E-D47C-4930-8186-DEA0B3C786E7}.Debug|Any CPU.ActiveCfg = Debug|Any CPU
		{FF1B600E-D47C-4930-8186-DEA0B3C786E7}.Debug|Any CPU.Build.0 = Debug|Any CPU
		{FF1B600E-D47C-4930-8186-DEA0B3C786E7}.Release|Any CPU.ActiveCfg = Release|Any CPU
		{FF1B600E-D47C-4930-8186-DEA0B3C786E7}.Release|Any CPU.Build.0 = Release|Any CPU
	EndGlobalSection
	GlobalSection(SolutionProperties) = preSolution
		HideSolutionNode = FALSE
	EndGlobalSection
	GlobalSection(ExtensibilityGlobals) = postSolution
		SolutionGuid = {51C0A94C-96F1-491C-B7FE-99A54E11855B}
	EndGlobalSection
EndGlobal
